// !$*UTF8*$!
{
	archiveVersion = 1;
	classes = {
	};
	objectVersion = 46;
	objects = {

/* Begin PBXBuildFile section */
		0A92079E15EFA15C00ADBBBD /* CoreLocation.framework in Frameworks */ = {isa = PBXBuildFile; fileRef = 0A92079D15EFA15C00ADBBBD /* CoreLocation.framework */; };
		0F8D234815EF615F0067D87B /* UIKit.framework in Frameworks */ = {isa = PBXBuildFile; fileRef = 0F8D234715EF615F0067D87B /* UIKit.framework */; };
		0F8D234A15EF615F0067D87B /* Foundation.framework in Frameworks */ = {isa = PBXBuildFile; fileRef = 0F8D234915EF615F0067D87B /* Foundation.framework */; };
		0F8D234C15EF615F0067D87B /* CoreGraphics.framework in Frameworks */ = {isa = PBXBuildFile; fileRef = 0F8D234B15EF615F0067D87B /* CoreGraphics.framework */; };
		0F8D235215EF615F0067D87B /* InfoPlist.strings in Resources */ = {isa = PBXBuildFile; fileRef = 0F8D235015EF615F0067D87B /* InfoPlist.strings */; };
		0F8D235415EF615F0067D87B /* main.m in Sources */ = {isa = PBXBuildFile; fileRef = 0F8D235315EF615F0067D87B /* main.m */; };
		0F8D235815EF615F0067D87B /* AppDelegate.m in Sources */ = {isa = PBXBuildFile; fileRef = 0F8D235715EF615F0067D87B /* AppDelegate.m */; };
		0F8D235B15EF615F0067D87B /* MainStoryboard.storyboard in Resources */ = {isa = PBXBuildFile; fileRef = 0F8D235915EF615F0067D87B /* MainStoryboard.storyboard */; };
		0F8D235E15EF615F0067D87B /* ViewController.m in Sources */ = {isa = PBXBuildFile; fileRef = 0F8D235D15EF615F0067D87B /* ViewController.m */; };
		0F9CB05615F5F86300098CF9 /* GCDAsyncSocket.m in Sources */ = {isa = PBXBuildFile; fileRef = 0F9CB05515F5F86300098CF9 /* GCDAsyncSocket.m */; };
		0F9CB05C15F60E9100098CF9 /* Security.framework in Frameworks */ = {isa = PBXBuildFile; fileRef = 0F9CB05B15F60E9100098CF9 /* Security.framework */; };
		0F9CB05E15F60E9800098CF9 /* CFNetwork.framework in Frameworks */ = {isa = PBXBuildFile; fileRef = 0F9CB05D15F60E9800098CF9 /* CFNetwork.framework */; };
		0F9CB08015F620D000098CF9 /* DDLog.m in Sources */ = {isa = PBXBuildFile; fileRef = 0F9CB07415F620D000098CF9 /* DDLog.m */; };
		0F9CB08115F620D000098CF9 /* DDTTYLogger.m in Sources */ = {isa = PBXBuildFile; fileRef = 0F9CB07615F620D000098CF9 /* DDTTYLogger.m */; };
/* End PBXBuildFile section */

/* Begin PBXFileReference section */
		0A92079D15EFA15C00ADBBBD /* CoreLocation.framework */ = {isa = PBXFileReference; lastKnownFileType = wrapper.framework; name = CoreLocation.framework; path = System/Library/Frameworks/CoreLocation.framework; sourceTree = SDKROOT; };
		0F8D234315EF615F0067D87B /* GeoServiceExperiment.app */ = {isa = PBXFileReference; explicitFileType = wrapper.application; includeInIndex = 0; path = GeoServiceExperiment.app; sourceTree = BUILT_PRODUCTS_DIR; };
		0F8D234715EF615F0067D87B /* UIKit.framework */ = {isa = PBXFileReference; lastKnownFileType = wrapper.framework; name = UIKit.framework; path = System/Library/Frameworks/UIKit.framework; sourceTree = SDKROOT; };
		0F8D234915EF615F0067D87B /* Foundation.framework */ = {isa = PBXFileReference; lastKnownFileType = wrapper.framework; name = Foundation.framework; path = System/Library/Frameworks/Foundation.framework; sourceTree = SDKROOT; };
		0F8D234B15EF615F0067D87B /* CoreGraphics.framework */ = {isa = PBXFileReference; lastKnownFileType = wrapper.framework; name = CoreGraphics.framework; path = System/Library/Frameworks/CoreGraphics.framework; sourceTree = SDKROOT; };
		0F8D234F15EF615F0067D87B /* GeoServiceExperiment-Info.plist */ = {isa = PBXFileReference; lastKnownFileType = text.plist.xml; path = "GeoServiceExperiment-Info.plist"; sourceTree = "<group>"; };
		0F8D235115EF615F0067D87B /* en */ = {isa = PBXFileReference; lastKnownFileType = text.plist.strings; name = en; path = en.lproj/InfoPlist.strings; sourceTree = "<group>"; };
		0F8D235315EF615F0067D87B /* main.m */ = {isa = PBXFileReference; lastKnownFileType = sourcecode.c.objc; path = main.m; sourceTree = "<group>"; };
		0F8D235515EF615F0067D87B /* GeoServiceExperiment-Prefix.pch */ = {isa = PBXFileReference; lastKnownFileType = sourcecode.c.h; path = "GeoServiceExperiment-Prefix.pch"; sourceTree = "<group>"; };
		0F8D235615EF615F0067D87B /* AppDelegate.h */ = {isa = PBXFileReference; lastKnownFileType = sourcecode.c.h; path = AppDelegate.h; sourceTree = "<group>"; };
		0F8D235715EF615F0067D87B /* AppDelegate.m */ = {isa = PBXFileReference; lastKnownFileType = sourcecode.c.objc; path = AppDelegate.m; sourceTree = "<group>"; };
		0F8D235A15EF615F0067D87B /* en */ = {isa = PBXFileReference; lastKnownFileType = file.storyboard; name = en; path = en.lproj/MainStoryboard.storyboard; sourceTree = "<group>"; };
		0F8D235C15EF615F0067D87B /* ViewController.h */ = {isa = PBXFileReference; lastKnownFileType = sourcecode.c.h; path = ViewController.h; sourceTree = "<group>"; };
		0F8D235D15EF615F0067D87B /* ViewController.m */ = {isa = PBXFileReference; lastKnownFileType = sourcecode.c.objc; path = ViewController.m; sourceTree = "<group>"; };
		0F9CB05415F5F86300098CF9 /* GCDAsyncSocket.h */ = {isa = PBXFileReference; fileEncoding = 4; lastKnownFileType = sourcecode.c.h; path = GCDAsyncSocket.h; sourceTree = "<group>"; };
		0F9CB05515F5F86300098CF9 /* GCDAsyncSocket.m */ = {isa = PBXFileReference; fileEncoding = 4; lastKnownFileType = sourcecode.c.objc; path = GCDAsyncSocket.m; sourceTree = "<group>"; };
		0F9CB05B15F60E9100098CF9 /* Security.framework */ = {isa = PBXFileReference; lastKnownFileType = wrapper.framework; name = Security.framework; path = System/Library/Frameworks/Security.framework; sourceTree = SDKROOT; };
		0F9CB05D15F60E9800098CF9 /* CFNetwork.framework */ = {isa = PBXFileReference; lastKnownFileType = wrapper.framework; name = CFNetwork.framework; path = System/Library/Frameworks/CFNetwork.framework; sourceTree = SDKROOT; };
		0F9CB07315F620D000098CF9 /* DDLog.h */ = {isa = PBXFileReference; fileEncoding = 4; lastKnownFileType = sourcecode.c.h; path = DDLog.h; sourceTree = "<group>"; };
		0F9CB07415F620D000098CF9 /* DDLog.m */ = {isa = PBXFileReference; fileEncoding = 4; lastKnownFileType = sourcecode.c.objc; path = DDLog.m; sourceTree = "<group>"; };
		0F9CB07515F620D000098CF9 /* DDTTYLogger.h */ = {isa = PBXFileReference; fileEncoding = 4; lastKnownFileType = sourcecode.c.h; path = DDTTYLogger.h; sourceTree = "<group>"; };
		0F9CB07615F620D000098CF9 /* DDTTYLogger.m */ = {isa = PBXFileReference; fileEncoding = 4; lastKnownFileType = sourcecode.c.objc; path = DDTTYLogger.m; sourceTree = "<group>"; };
/* End PBXFileReference section */

/* Begin PBXFrameworksBuildPhase section */
		0F8D234015EF615F0067D87B /* Frameworks */ = {
			isa = PBXFrameworksBuildPhase;
			buildActionMask = 2147483647;
			files = (
				0F9CB05E15F60E9800098CF9 /* CFNetwork.framework in Frameworks */,
				0F9CB05C15F60E9100098CF9 /* Security.framework in Frameworks */,
				0A92079E15EFA15C00ADBBBD /* CoreLocation.framework in Frameworks */,
				0F8D234815EF615F0067D87B /* UIKit.framework in Frameworks */,
				0F8D234A15EF615F0067D87B /* Foundation.framework in Frameworks */,
				0F8D234C15EF615F0067D87B /* CoreGraphics.framework in Frameworks */,
			);
			runOnlyForDeploymentPostprocessing = 0;
		};
/* End PBXFrameworksBuildPhase section */

/* Begin PBXGroup section */
		0F8D233815EF615E0067D87B = {
			isa = PBXGroup;
			children = (
				0F8D234D15EF615F0067D87B /* GeoServiceExperiment */,
				0F8D234615EF615F0067D87B /* Frameworks */,
				0F8D234415EF615F0067D87B /* Products */,
			);
			sourceTree = "<group>";
		};
		0F8D234415EF615F0067D87B /* Products */ = {
			isa = PBXGroup;
			children = (
				0F8D234315EF615F0067D87B /* GeoServiceExperiment.app */,
			);
			name = Products;
			sourceTree = "<group>";
		};
		0F8D234615EF615F0067D87B /* Frameworks */ = {
			isa = PBXGroup;
			children = (
				0F9CB05D15F60E9800098CF9 /* CFNetwork.framework */,
				0F9CB05B15F60E9100098CF9 /* Security.framework */,
				0A92079D15EFA15C00ADBBBD /* CoreLocation.framework */,
				0F8D234715EF615F0067D87B /* UIKit.framework */,
				0F8D234915EF615F0067D87B /* Foundation.framework */,
				0F8D234B15EF615F0067D87B /* CoreGraphics.framework */,
			);
			name = Frameworks;
			sourceTree = "<group>";
		};
		0F8D234D15EF615F0067D87B /* GeoServiceExperiment */ = {
			isa = PBXGroup;
			children = (
				0F9CB06B15F620AE00098CF9 /* Logging */,
				0F9CB05215F5F84500098CF9 /* TCP */,
				0F8D235615EF615F0067D87B /* AppDelegate.h */,
				0F8D235715EF615F0067D87B /* AppDelegate.m */,
				0F8D235915EF615F0067D87B /* MainStoryboard.storyboard */,
				0F8D235C15EF615F0067D87B /* ViewController.h */,
				0F8D235D15EF615F0067D87B /* ViewController.m */,
				0F8D234E15EF615F0067D87B /* Supporting Files */,
			);
			path = GeoServiceExperiment;
			sourceTree = "<group>";
		};
		0F8D234E15EF615F0067D87B /* Supporting Files */ = {
			isa = PBXGroup;
			children = (
				0F8D234F15EF615F0067D87B /* GeoServiceExperiment-Info.plist */,
				0F8D235015EF615F0067D87B /* InfoPlist.strings */,
				0F8D235315EF615F0067D87B /* main.m */,
				0F8D235515EF615F0067D87B /* GeoServiceExperiment-Prefix.pch */,
			);
			name = "Supporting Files";
			sourceTree = "<group>";
		};
		0F9CB05215F5F84500098CF9 /* TCP */ = {
			isa = PBXGroup;
			children = (
				0F9CB05415F5F86300098CF9 /* GCDAsyncSocket.h */,
				0F9CB05515F5F86300098CF9 /* GCDAsyncSocket.m */,
			);
			name = TCP;
			sourceTree = "<group>";
		};
		0F9CB06B15F620AE00098CF9 /* Logging */ = {
			isa = PBXGroup;
			children = (
				0F9CB07315F620D000098CF9 /* DDLog.h */,
				0F9CB07415F620D000098CF9 /* DDLog.m */,
				0F9CB07515F620D000098CF9 /* DDTTYLogger.h */,
				0F9CB07615F620D000098CF9 /* DDTTYLogger.m */,
			);
			name = Logging;
			sourceTree = "<group>";
		};
/* End PBXGroup section */

/* Begin PBXNativeTarget section */
		0F8D234215EF615F0067D87B /* GeoServiceExperiment */ = {
			isa = PBXNativeTarget;
			buildConfigurationList = 0F8D236115EF615F0067D87B /* Build configuration list for PBXNativeTarget "GeoServiceExperiment" */;
			buildPhases = (
				0F8D233F15EF615F0067D87B /* Sources */,
				0F8D234015EF615F0067D87B /* Frameworks */,
				0F8D234115EF615F0067D87B /* Resources */,
			);
			buildRules = (
			);
			dependencies = (
			);
			name = GeoServiceExperiment;
			productName = GeoServiceExperiment;
			productReference = 0F8D234315EF615F0067D87B /* GeoServiceExperiment.app */;
			productType = "com.apple.product-type.application";
		};
/* End PBXNativeTarget section */

/* Begin PBXProject section */
		0F8D233A15EF615E0067D87B /* Project object */ = {
			isa = PBXProject;
			attributes = {
				LastUpgradeCheck = 0430;
			};
			buildConfigurationList = 0F8D233D15EF615E0067D87B /* Build configuration list for PBXProject "GeoServiceExperiment" */;
			compatibilityVersion = "Xcode 3.2";
			developmentRegion = English;
			hasScannedForEncodings = 0;
			knownRegions = (
				en,
			);
			mainGroup = 0F8D233815EF615E0067D87B;
			productRefGroup = 0F8D234415EF615F0067D87B /* Products */;
			projectDirPath = "";
			projectRoot = "";
			targets = (
				0F8D234215EF615F0067D87B /* GeoServiceExperiment */,
			);
		};
/* End PBXProject section */

/* Begin PBXResourcesBuildPhase section */
		0F8D234115EF615F0067D87B /* Resources */ = {
			isa = PBXResourcesBuildPhase;
			buildActionMask = 2147483647;
			files = (
				0F8D235215EF615F0067D87B /* InfoPlist.strings in Resources */,
				0F8D235B15EF615F0067D87B /* MainStoryboard.storyboard in Resources */,
			);
			runOnlyForDeploymentPostprocessing = 0;
		};
/* End PBXResourcesBuildPhase section */

/* Begin PBXSourcesBuildPhase section */
		0F8D233F15EF615F0067D87B /* Sources */ = {
			isa = PBXSourcesBuildPhase;
			buildActionMask = 2147483647;
			files = (
				0F8D235415EF615F0067D87B /* main.m in Sources */,
				0F8D235815EF615F0067D87B /* AppDelegate.m in Sources */,
				0F8D235E15EF615F0067D87B /* ViewController.m in Sources */,
				0F9CB05615F5F86300098CF9 /* GCDAsyncSocket.m in Sources */,
				0F9CB08015F620D000098CF9 /* DDLog.m in Sources */,
				0F9CB08115F620D000098CF9 /* DDTTYLogger.m in Sources */,
			);
			runOnlyForDeploymentPostprocessing = 0;
		};
/* End PBXSourcesBuildPhase section */

/* Begin PBXVariantGroup section */
		0F8D235015EF615F0067D87B /* InfoPlist.strings */ = {
			isa = PBXVariantGroup;
			children = (
				0F8D235115EF615F0067D87B /* en */,
			);
			name = InfoPlist.strings;
			sourceTree = "<group>";
		};
		0F8D235915EF615F0067D87B /* MainStoryboard.storyboard */ = {
			isa = PBXVariantGroup;
			children = (
				0F8D235A15EF615F0067D87B /* en */,
			);
			name = MainStoryboard.storyboard;
			sourceTree = "<group>";
		};
/* End PBXVariantGroup section */

/* Begin XCBuildConfiguration section */
		0F8D235F15EF615F0067D87B /* Debug */ = {
			isa = XCBuildConfiguration;
			buildSettings = {
				ALWAYS_SEARCH_USER_PATHS = NO;
				ARCHS = "$(ARCHS_STANDARD_32_BIT)";
				CLANG_ENABLE_OBJC_ARC = YES;
				"CODE_SIGN_IDENTITY[sdk=iphoneos*]" = "iPhone Developer";
				COPY_PHASE_STRIP = NO;
				GCC_C_LANGUAGE_STANDARD = gnu99;
				GCC_DYNAMIC_NO_PIC = NO;
				GCC_OPTIMIZATION_LEVEL = 0;
				GCC_PREPROCESSOR_DEFINITIONS = (
					"DEBUG=1",
					"$(inherited)",
				);
				GCC_SYMBOLS_PRIVATE_EXTERN = NO;
				GCC_VERSION = com.apple.compilers.llvm.clang.1_0;
				GCC_WARN_ABOUT_RETURN_TYPE = YES;
				GCC_WARN_UNINITIALIZED_AUTOS = YES;
				GCC_WARN_UNUSED_VARIABLE = YES;
				IPHONEOS_DEPLOYMENT_TARGET = 5.1;
				SDKROOT = iphoneos;
			};
			name = Debug;
		};
		0F8D236015EF615F0067D87B /* Release */ = {
			isa = XCBuildConfiguration;
			buildSettings = {
				ALWAYS_SEARCH_USER_PATHS = NO;
				ARCHS = "$(ARCHS_STANDARD_32_BIT)";
				CLANG_ENABLE_OBJC_ARC = YES;
				"CODE_SIGN_IDENTITY[sdk=iphoneos*]" = "iPhone Developer";
				COPY_PHASE_STRIP = YES;
				GCC_C_LANGUAGE_STANDARD = gnu99;
				GCC_VERSION = com.apple.compilers.llvm.clang.1_0;
				GCC_WARN_ABOUT_RETURN_TYPE = YES;
				GCC_WARN_UNINITIALIZED_AUTOS = YES;
				GCC_WARN_UNUSED_VARIABLE = YES;
				IPHONEOS_DEPLOYMENT_TARGET = 5.1;
				OTHER_CFLAGS = "-DNS_BLOCK_ASSERTIONS=1";
				SDKROOT = iphoneos;
				VALIDATE_PRODUCT = YES;
			};
			name = Release;
		};
		0F8D236215EF615F0067D87B /* Debug */ = {
			isa = XCBuildConfiguration;
			buildSettings = {
				GCC_PRECOMPILE_PREFIX_HEADER = YES;
				GCC_PREFIX_HEADER = "GeoServiceExperiment/GeoServiceExperiment-Prefix.pch";
				INFOPLIST_FILE = "GeoServiceExperiment/GeoServiceExperiment-Info.plist";
				PRODUCT_NAME = "$(TARGET_NAME)";
				WRAPPER_EXTENSION = app;
			};
			name = Debug;
		};
		0F8D236315EF615F0067D87B /* Release */ = {
			isa = XCBuildConfiguration;
			buildSettings = {
				GCC_PRECOMPILE_PREFIX_HEADER = YES;
				GCC_PREFIX_HEADER = "GeoServiceExperiment/GeoServiceExperiment-Prefix.pch";
				INFOPLIST_FILE = "GeoServiceExperiment/GeoServiceExperiment-Info.plist";
				PRODUCT_NAME = "$(TARGET_NAME)";
				WRAPPER_EXTENSION = app;
			};
			name = Release;
		};
/* End XCBuildConfiguration section */

/* Begin XCConfigurationList section */
		0F8D233D15EF615E0067D87B /* Build configuration list for PBXProject "GeoServiceExperiment" */ = {
			isa = XCConfigurationList;
			buildConfigurations = (
				0F8D235F15EF615F0067D87B /* Debug */,
				0F8D236015EF615F0067D87B /* Release */,
			);
			defaultConfigurationIsVisible = 0;
			defaultConfigurationName = Release;
		};
		0F8D236115EF615F0067D87B /* Build configuration list for PBXNativeTarget "GeoServiceExperiment" */ = {
			isa = XCConfigurationList;
			buildConfigurations = (
				0F8D236215EF615F0067D87B /* Debug */,
				0F8D236315EF615F0067D87B /* Release */,
			);
			defaultConfigurationIsVisible = 0;
			defaultConfigurationName = Release;
		};
/* End XCConfigurationList section */
	};
	rootObject = 0F8D233A15EF615E0067D87B /* Project object */;
}
